{
  "originHash" : "98b7b84895740e97761f1aaf7edf2f207904098e0c56021a1d3248dc01609940",
  "pins" : [
    {
      "identity" : "iosclientcast",
      "kind" : "remoteSourceControl",
      "location" : "https://github.com/EricssonBroadcastServices/iOSClientCast.git",
      "state" : {
        "branch" : "master",
        "revision" : "4c50273121216a56e8c220baac363ecbdbab8ccf"
      }
    },
    {
      "identity" : "iosclientdownload",
      "kind" : "remoteSourceControl",
      "location" : "https://github.com/EricssonBroadcastServices/iOSClientDownload",
      "state" : {
        "revision" : "565534233e9818a23817dfcb5a06c7218730c1a6",
        "version" : "3.1.0"
      }
    },
    {
      "identity" : "iosclientexposure",
      "kind" : "remoteSourceControl",
      "location" : "https://github.com/EricssonBroadcastServices/iOSClientExposure",
      "state" : {
        "revision" : "291d8ed9c87c20588a7a6ac01489a961ea6447e0",
        "version" : "3.8.0"
      }
    },
    {
      "identity" : "iosclientexposuredownload",
      "kind" : "remoteSourceControl",
      "location" : "https://github.com/EricssonBroadcastServices/iOSClientExposureDownload",
      "state" : {
        "revision" : "bf8dda726bad04ea4a2d2cce77a4f4c7244e99b9",
        "version" : "3.5.0"
      }
    },
    {
      "identity" : "iosclientexposureplayback",
      "kind" : "remoteSourceControl",
      "location" : "https://github.com/EricssonBroadcastServices/iOSClientExposurePlayback",
      "state" : {
        "revision" : "6d55b881152aa2452b3c4f2c8296f9d8b17c437c",
        "version" : "3.13.0"
      }
    },
    {
      "identity" : "iosclientplayer",
      "kind" : "remoteSourceControl",
      "location" : "https://github.com/EricssonBroadcastServices/iOSClientPlayer",
      "state" : {
        "revision" : "713761df527cf295994d9164fc7bc3549b5f5328",
        "version" : "3.6.1"
      }
    },
    {
      "identity" : "lnpopupcontroller",
      "kind" : "remoteSourceControl",
      "location" : "https://github.com/LeoNatan/LNPopupController.git",
      "state" : {
        "revision" : "0dfea7c146953f34ce3eb3d0793e90df17640891",
        "version" : "2.14.9"
      }
    },
    {
      "identity" : "lottie-ios",
      "kind" : "remoteSourceControl",
      "location" : "https://github.com/airbnb/lottie-ios.git",
      "state" : {
        "branch" : "master",
        "revision" : "70e22dd49e9015c6dc12efc75ae70e52c6f1970f"
      }
    },
    {
      "identity" : "mux-stats-sdk-avplayer",
      "kind" : "remoteSourceControl",
      "location" : "https://github.com/muxinc/mux-stats-sdk-avplayer.git",
      "state" : {
        "branch" : "master",
        "revision" : "b4a0070f35e8407a612eb975a97982aeacd8390c"
      }
    },
    {
      "identity" : "stats-sdk-objc",
      "kind" : "remoteSourceControl",
      "location" : "https://github.com/muxinc/stats-sdk-objc.git",
      "state" : {
        "revision" : "d0d52fbd917e3c169065b63f0578615046ff0822",
        "version" : "4.4.0"
      }
    }
  ],
  "version" : 3
}
